
Microsoft Visual Studio Solution File, Format Version 12.00
# Visual Studio Version 17
VisualStudioVersion = 17.13.35913.81
MinimumVisualStudioVersion = 10.0.40219.1
Project("{2150E333-8FDC-42A3-9474-1A3956D46DE8}") = "src", "src", "{02EA681E-C7D8-13C7-8484-4AC65E1B71E8}"
EndProject
Project("{2150E333-8FDC-42A3-9474-1A3956D46DE8}") = "tests", "tests", "{93FE52B3-B6DB-4E07-8D7A-B2F713945FDA}"
EndProject
Project("{FAE04EC0-301F-11D3-BF4B-00C04F79EFBC}") = "uptime.codechallenge.Specs", "tests\uptime.codechallenge.Specs\uptime.codechallenge.Specs.csproj", "{073B4DC2-5FEA-4BD4-89CB-B3D603E4B8D2}"
EndProject
Project("{FAE04EC0-301F-11D3-BF4B-00C04F79EFBC}") = "uptime.codechallenge.api", "src\uptime.codechallenge.api\uptime.codechallenge.api.csproj", "{58164515-618A-276E-08D4-A65EB646D510}"
EndProject
Global
	GlobalSection(SolutionConfigurationPlatforms) = preSolution
		Debug|Any CPU = Debug|Any CPU
		Release|Any CPU = Release|Any CPU
	EndGlobalSection
	GlobalSection(ProjectConfigurationPlatforms) = postSolution
		{073B4DC2-5FEA-4BD4-89CB-B3D603E4B8D2}.Debug|Any CPU.ActiveCfg = Debug|Any CPU
		{073B4DC2-5FEA-4BD4-89CB-B3D603E4B8D2}.Debug|Any CPU.Build.0 = Debug|Any CPU
		{073B4DC2-5FEA-4BD4-89CB-B3D603E4B8D2}.Release|Any CPU.ActiveCfg = Release|Any CPU
		{073B4DC2-5FEA-4BD4-89CB-B3D603E4B8D2}.Release|Any CPU.Build.0 = Release|Any CPU
		{58164515-618A-276E-08D4-A65EB646D510}.Debug|Any CPU.ActiveCfg = Debug|Any CPU
		{58164515-618A-276E-08D4-A65EB646D510}.Debug|Any CPU.Build.0 = Debug|Any CPU
		{58164515-618A-276E-08D4-A65EB646D510}.Release|Any CPU.ActiveCfg = Release|Any CPU
		{58164515-618A-276E-08D4-A65EB646D510}.Release|Any CPU.Build.0 = Release|Any CPU
	EndGlobalSection
	GlobalSection(SolutionProperties) = preSolution
		HideSolutionNode = FALSE
	EndGlobalSection
	GlobalSection(NestedProjects) = preSolution
		{073B4DC2-5FEA-4BD4-89CB-B3D603E4B8D2} = {93FE52B3-B6DB-4E07-8D7A-B2F713945FDA}
		{58164515-618A-276E-08D4-A65EB646D510} = {02EA681E-C7D8-13C7-8484-4AC65E1B71E8}
	EndGlobalSection
	GlobalSection(ExtensibilityGlobals) = postSolution
		SolutionGuid = {23573B10-CC91-4AEB-B498-A2D070419CD0}
	EndGlobalSection
EndGlobal
